
Microsoft Visual Studio Solution File, Format Version 12.00
# Visual Studio Version 16
VisualStudioVersion = 16.0.33027.164
MinimumVisualStudioVersion = 10.0.40219.1
Project("{FAE04EC0-301F-11D3-BF4B-00C04F79EFBC}") = "TestGitConsole", "TestGitConsole\TestGitConsole.csproj", "{401BF357-98AE-4D9C-A545-BBB73AB55744}"
EndProject
Global
	GlobalSection(SolutionConfigurationPlatforms) = preSolution
		Debug|Any CPU = Debug|Any CPU
		Release|Any CPU = Release|Any CPU
	EndGlobalSection
	GlobalSection(ProjectConfigurationPlatforms) = postSolution
		{401BF357-98AE-4D9C-A545-BBB73AB55744}.Debug|Any CPU.ActiveCfg = Debug|Any CPU
		{401BF357-98AE-4D9C-A545-BBB73AB55744}.Debug|Any CPU.Build.0 = Debug|Any CPU
		{401BF357-98AE-4D9C-A545-BBB73AB55744}.Release|Any CPU.ActiveCfg = Release|Any CPU
		{401BF357-98AE-4D9C-A545-BBB73AB55744}.Release|Any CPU.Build.0 = Release|Any CPU
	EndGlobalSection
	GlobalSection(SolutionProperties) = preSolution
		HideSolutionNode = FALSE
	EndGlobalSection
	GlobalSection(ExtensibilityGlobals) = postSolution
		SolutionGuid = {61C05762-2007-4735-B512-374D8BE00265}
	EndGlobalSection
EndGlobal
